
Microsoft Visual Studio Solution File, Format Version 12.00
# Visual Studio Version 17
VisualStudioVersion = 17.9.34728.123
MinimumVisualStudioVersion = 10.0.40219.1
Project("{9A19103F-16F7-4668-BE54-9A1E7A4F7556}") = "PresentationLayer", "PresentationLayer\PresentationLayer.csproj", "{6E6311D2-FFA7-4CD8-B51A-2C58A7CCF62B}"
EndProject
Project("{FAE04EC0-301F-11D3-BF4B-00C04F79EFBC}") = "BusinessServiceLayer", "BusinessServiceLayer\BusinessServiceLayer.csproj", "{7DE45A30-88C6-4D21-9B13-706408981E9A}"
EndProject
Project("{FAE04EC0-301F-11D3-BF4B-00C04F79EFBC}") = "RepositoryLayer", "RepositoryLayer\RepositoryLayer.csproj", "{D12567FC-0D33-40B2-B42E-74CF5478ACB8}"
EndProject
Global
	GlobalSection(SolutionConfigurationPlatforms) = preSolution
		Debug|Any CPU = Debug|Any CPU
		Release|Any CPU = Release|Any CPU
	EndGlobalSection
	GlobalSection(ProjectConfigurationPlatforms) = postSolution
		{6E6311D2-FFA7-4CD8-B51A-2C58A7CCF62B}.Debug|Any CPU.ActiveCfg = Debug|Any CPU
		{6E6311D2-FFA7-4CD8-B51A-2C58A7CCF62B}.Debug|Any CPU.Build.0 = Debug|Any CPU
		{6E6311D2-FFA7-4CD8-B51A-2C58A7CCF62B}.Release|Any CPU.ActiveCfg = Release|Any CPU
		{6E6311D2-FFA7-4CD8-B51A-2C58A7CCF62B}.Release|Any CPU.Build.0 = Release|Any CPU
		{7DE45A30-88C6-4D21-9B13-706408981E9A}.Debug|Any CPU.ActiveCfg = Debug|Any CPU
		{7DE45A30-88C6-4D21-9B13-706408981E9A}.Debug|Any CPU.Build.0 = Debug|Any CPU
		{7DE45A30-88C6-4D21-9B13-706408981E9A}.Release|Any CPU.ActiveCfg = Release|Any CPU
		{7DE45A30-88C6-4D21-9B13-706408981E9A}.Release|Any CPU.Build.0 = Release|Any CPU
		{D12567FC-0D33-40B2-B42E-74CF5478ACB8}.Debug|Any CPU.ActiveCfg = Debug|Any CPU
		{D12567FC-0D33-40B2-B42E-74CF5478ACB8}.Debug|Any CPU.Build.0 = Debug|Any CPU
		{D12567FC-0D33-40B2-B42E-74CF5478ACB8}.Release|Any CPU.ActiveCfg = Release|Any CPU
		{D12567FC-0D33-40B2-B42E-74CF5478ACB8}.Release|Any CPU.Build.0 = Release|Any CPU
	EndGlobalSection
	GlobalSection(SolutionProperties) = preSolution
		HideSolutionNode = FALSE
	EndGlobalSection
	GlobalSection(ExtensibilityGlobals) = postSolution
		SolutionGuid = {0FE34749-8539-4AF5-A79B-4DEA16E10A83}
	EndGlobalSection
EndGlobal
